# This file is automatically @generated by Poetry 1.7.1 and should not be changed by hand.

[[package]]
name = "fastavro"
version = "1.9.1"
description = "Fast read/write of AVRO files"
optional = false
python-versions = ">=3.8"
files = [
    {file = "fastavro-1.9.1-cp310-cp310-macosx_11_0_x86_64.whl", hash = "sha256:de181b2e67f1f42f0c15f87ff530dda88cfe2efc91653b6d38d0aaf4c8800bbf"},
    {file = "fastavro-1.9.1-cp310-cp310-manylinux_2_17_aarch64.manylinux2014_aarch64.whl", hash = "sha256:84616dae53581733aac1161685d35c269922cee79170d8a1f7dbc56c8e2c6a95"},
    {file = "fastavro-1.9.1-cp310-cp310-manylinux_2_17_x86_64.manylinux2014_x86_64.whl", hash = "sha256:eee78b13e118468e6796a97857a02dd2a8076f2946c6ab992a25597ee60a8963"},
    {file = "fastavro-1.9.1-cp310-cp310-musllinux_1_1_aarch64.whl", hash = "sha256:70df5a6428e5c60b08d92a3cf955d2c658e0460059654b0490c908d429bcf332"},
    {file = "fastavro-1.9.1-cp310-cp310-musllinux_1_1_x86_64.whl", hash = "sha256:47f66f8282f7b2b70d4edc1c1853c154a9db14693a20fc1fa78859eb091c6beb"},
    {file = "fastavro-1.9.1-cp310-cp310-win_amd64.whl", hash = "sha256:b558a789b1a24be3b471a2d430a1583e4e18b09896a27ce80211d40c91d3895a"},
    {file = "fastavro-1.9.1-cp311-cp311-macosx_10_9_universal2.whl", hash = "sha256:cd00aa7a7e463538b3930b27ea98270af11de3a6436b658086802964ae53cfc7"},
    {file = "fastavro-1.9.1-cp311-cp311-manylinux_2_17_aarch64.manylinux2014_aarch64.whl", hash = "sha256:3d8037a800914acfd2d17894accfdd9ba96e316bce173e3ac2bc36c9d6f91adb"},
    {file = "fastavro-1.9.1-cp311-cp311-manylinux_2_17_x86_64.manylinux2014_x86_64.whl", hash = "sha256:f5a6d15fd3783165113b8292058f06c555fecb7b0bbc0dfd391dc6f320675157"},
    {file = "fastavro-1.9.1-cp311-cp311-musllinux_1_1_aarch64.whl", hash = "sha256:46e69d9fe30ccba8a1a22c2ed2e88deb4ae1ce42f47495f59bd1cac60c3f3e75"},
    {file = "fastavro-1.9.1-cp311-cp311-musllinux_1_1_x86_64.whl", hash = "sha256:a06ae6b12b4dfe8fa6c84019a949b44067bf5d7fb051f7101a9093dc2c8c7631"},
    {file = "fastavro-1.9.1-cp311-cp311-win_amd64.whl", hash = "sha256:47f18c4f3f5a945c32d386402cf007f700433fd1b9b6af78eb35ee09a29ba8ad"},
    {file = "fastavro-1.9.1-cp312-cp312-macosx_10_9_universal2.whl", hash = "sha256:7ce88e5bc88d3d210dca99b69cffc6a7a0538815e86e806730cd79914ac9c17f"},
    {file = "fastavro-1.9.1-cp312-cp312-manylinux_2_17_aarch64.manylinux2014_aarch64.whl", hash = "sha256:16ebff73e08bc6437746e36a131f3a025d49b5867f5975bcc4a3e57cafcb3338"},
    {file = "fastavro-1.9.1-cp312-cp312-manylinux_2_17_x86_64.manylinux2014_x86_64.whl", hash = "sha256:2b5ebcf4ea3b50cfb80c7cd363e57daab8c2662b85de9ced838e32b5a46a106f"},
    {file = "fastavro-1.9.1-cp312-cp312-musllinux_1_1_aarch64.whl", hash = "sha256:2d52c69089f6ce7110665149ced29cb68f2f1cd6812b28ebb53b158b53e069f7"},
    {file = "fastavro-1.9.1-cp312-cp312-musllinux_1_1_x86_64.whl", hash = "sha256:e21c23b7d19df260244ae8fb4470ce27399dc1c0129fa523285e39d8ff7b5ef8"},
    {file = "fastavro-1.9.1-cp312-cp312-win_amd64.whl", hash = "sha256:28886022b9c5e5175e44aa04ed10d733b7503028092e38e61ecafe006f839362"},
    {file = "fastavro-1.9.1-cp38-cp38-macosx_11_0_x86_64.whl", hash = "sha256:dfdfb3706646397f1c71e6652c9ca23ed29698c5f1bd20f32903589d3ae62219"},
    {file = "fastavro-1.9.1-cp38-cp38-manylinux_2_17_aarch64.manylinux2014_aarch64.whl", hash = "sha256:a9b1edaebef41500028b6bfbef1a46dc2e5b23f8a5dbde8d8c087b290572e5d2"},
    {file = "fastavro-1.9.1-cp38-cp38-manylinux_2_17_x86_64.manylinux2014_x86_64.whl", hash = "sha256:8ff2184d82788ff6d986372e72add561700ccdedea13b649593604d078dbf674"},
    {file = "fastavro-1.9.1-cp38-cp38-musllinux_1_1_aarch64.whl", hash = "sha256:13ae31bb1b9ee69109e4032946d94ab92c1f1c49194917e64bb7f5923ba4f8fd"},
    {file = "fastavro-1.9.1-cp38-cp38-musllinux_1_1_x86_64.whl", hash = "sha256:a9f549ee83ae4df5bc952552caad2011272d20a9fb0cddd50ff3fa1edd8d11a9"},
    {file = "fastavro-1.9.1-cp38-cp38-win_amd64.whl", hash = "sha256:b0265fbec0a268baadf3482eb92d0a4f644f68f8dc266a19a0440b7a28987564"},
    {file = "fastavro-1.9.1-cp39-cp39-macosx_11_0_x86_64.whl", hash = "sha256:0533a430aafe75bc02fe66391361a5f374f08375a89ec93365cb15c016e7f911"},
    {file = "fastavro-1.9.1-cp39-cp39-manylinux_2_17_aarch64.manylinux2014_aarch64.whl", hash = "sha256:8dc30d9fa7592b0a652911466a7898547277e7f054e23f95fc5d0e8b88788174"},
    {file = "fastavro-1.9.1-cp39-cp39-manylinux_2_17_x86_64.manylinux2014_x86_64.whl", hash = "sha256:b786f872d5caa34b8c18f2ed73efd99b8b8e1c404342a4242cf3ad7344bdd46c"},
    {file = "fastavro-1.9.1-cp39-cp39-musllinux_1_1_aarch64.whl", hash = "sha256:9a9a7213d80eb5e47ffb471c089cfbc19ec5b2390b75f6ef2e09e8678c0f7aeb"},
    {file = "fastavro-1.9.1-cp39-cp39-musllinux_1_1_x86_64.whl", hash = "sha256:0b9e9cb05500ed8578ce614a5df4b2b525ded2674320725d405435925addd446"},
    {file = "fastavro-1.9.1-cp39-cp39-win_amd64.whl", hash = "sha256:abfef36fdd2cdbf3b7e7551f6506b908f24e241eebc2ab14e7ff6862679fd1ef"},
    {file = "fastavro-1.9.1.tar.gz", hash = "sha256:f37011d66de8ba81b26760db0478009a14c08ebfd34269b3390abfd4616b308f"},
]

[package.extras]
codecs = ["cramjam", "lz4", "zstandard"]
lz4 = ["lz4"]
snappy = ["cramjam"]
zstandard = ["zstandard"]

[[package]]
name = "mypy"
version = "1.5.1"
description = "Optional static typing for Python"
optional = false
python-versions = ">=3.8"
files = [
    {file = "mypy-1.5.1-cp310-cp310-macosx_10_9_x86_64.whl", hash = "sha256:f33592ddf9655a4894aef22d134de7393e95fcbdc2d15c1ab65828eee5c66c70"},
    {file = "mypy-1.5.1-cp310-cp310-macosx_11_0_arm64.whl", hash = "sha256:258b22210a4a258ccd077426c7a181d789d1121aca6db73a83f79372f5569ae0"},
    {file = "mypy-1.5.1-cp310-cp310-manylinux_2_17_x86_64.manylinux2014_x86_64.whl", hash = "sha256:a9ec1f695f0c25986e6f7f8778e5ce61659063268836a38c951200c57479cc12"},
    {file = "mypy-1.5.1-cp310-cp310-musllinux_1_1_x86_64.whl", hash = "sha256:abed92d9c8f08643c7d831300b739562b0a6c9fcb028d211134fc9ab20ccad5d"},
    {file = "mypy-1.5.1-cp310-cp310-win_amd64.whl", hash = "sha256:a156e6390944c265eb56afa67c74c0636f10283429171018446b732f1a05af25"},
    {file = "mypy-1.5.1-cp311-cp311-macosx_10_9_x86_64.whl", hash = "sha256:6ac9c21bfe7bc9f7f1b6fae441746e6a106e48fc9de530dea29e8cd37a2c0cc4"},
    {file = "mypy-1.5.1-cp311-cp311-macosx_11_0_arm64.whl", hash = "sha256:51cb1323064b1099e177098cb939eab2da42fea5d818d40113957ec954fc85f4"},
    {file = "mypy-1.5.1-cp311-cp311-manylinux_2_17_x86_64.manylinux2014_x86_64.whl", hash = "sha256:596fae69f2bfcb7305808c75c00f81fe2829b6236eadda536f00610ac5ec2243"},
    {file = "mypy-1.5.1-cp311-cp311-musllinux_1_1_x86_64.whl", hash = "sha256:32cb59609b0534f0bd67faebb6e022fe534bdb0e2ecab4290d683d248be1b275"},
    {file = "mypy-1.5.1-cp311-cp311-win_amd64.whl", hash = "sha256:159aa9acb16086b79bbb0016145034a1a05360626046a929f84579ce1666b315"},
    {file = "mypy-1.5.1-cp312-cp312-macosx_10_9_x86_64.whl", hash = "sha256:f6b0e77db9ff4fda74de7df13f30016a0a663928d669c9f2c057048ba44f09bb"},
    {file = "mypy-1.5.1-cp312-cp312-macosx_11_0_arm64.whl", hash = "sha256:26f71b535dfc158a71264e6dc805a9f8d2e60b67215ca0bfa26e2e1aa4d4d373"},
    {file = "mypy-1.5.1-cp312-cp312-manylinux_2_17_x86_64.manylinux2014_x86_64.whl", hash = "sha256:2fc3a600f749b1008cc75e02b6fb3d4db8dbcca2d733030fe7a3b3502902f161"},
    {file = "mypy-1.5.1-cp312-cp312-musllinux_1_1_x86_64.whl", hash = "sha256:26fb32e4d4afa205b24bf645eddfbb36a1e17e995c5c99d6d00edb24b693406a"},
    {file = "mypy-1.5.1-cp312-cp312-win_amd64.whl", hash = "sha256:82cb6193de9bbb3844bab4c7cf80e6227d5225cc7625b068a06d005d861ad5f1"},
    {file = "mypy-1.5.1-cp38-cp38-macosx_10_9_x86_64.whl", hash = "sha256:4a465ea2ca12804d5b34bb056be3a29dc47aea5973b892d0417c6a10a40b2d65"},
    {file = "mypy-1.5.1-cp38-cp38-macosx_11_0_arm64.whl", hash = "sha256:9fece120dbb041771a63eb95e4896791386fe287fefb2837258925b8326d6160"},
    {file = "mypy-1.5.1-cp38-cp38-manylinux_2_17_x86_64.manylinux2014_x86_64.whl", hash = "sha256:d28ddc3e3dfeab553e743e532fb95b4e6afad51d4706dd22f28e1e5e664828d2"},
    {file = "mypy-1.5.1-cp38-cp38-musllinux_1_1_x86_64.whl", hash = "sha256:57b10c56016adce71fba6bc6e9fd45d8083f74361f629390c556738565af8eeb"},
    {file = "mypy-1.5.1-cp38-cp38-win_amd64.whl", hash = "sha256:ff0cedc84184115202475bbb46dd99f8dcb87fe24d5d0ddfc0fe6b8575c88d2f"},
    {file = "mypy-1.5.1-cp39-cp39-macosx_10_9_x86_64.whl", hash = "sha256:8f772942d372c8cbac575be99f9cc9d9fb3bd95c8bc2de6c01411e2c84ebca8a"},
    {file = "mypy-1.5.1-cp39-cp39-macosx_11_0_arm64.whl", hash = "sha256:5d627124700b92b6bbaa99f27cbe615c8ea7b3402960f6372ea7d65faf376c14"},
    {file = "mypy-1.5.1-cp39-cp39-manylinux_2_17_x86_64.manylinux2014_x86_64.whl", hash = "sha256:361da43c4f5a96173220eb53340ace68cda81845cd88218f8862dfb0adc8cddb"},
    {file = "mypy-1.5.1-cp39-cp39-musllinux_1_1_x86_64.whl", hash = "sha256:330857f9507c24de5c5724235e66858f8364a0693894342485e543f5b07c8693"},
    {file = "mypy-1.5.1-cp39-cp39-win_amd64.whl", hash = "sha256:c543214ffdd422623e9fedd0869166c2f16affe4ba37463975043ef7d2ea8770"},
    {file = "mypy-1.5.1-py3-none-any.whl", hash = "sha256:f757063a83970d67c444f6e01d9550a7402322af3557ce7630d3c957386fa8f5"},
    {file = "mypy-1.5.1.tar.gz", hash = "sha256:b031b9601f1060bf1281feab89697324726ba0c0bae9d7cd7ab4b690940f0b92"},
]

[package.dependencies]
mypy-extensions = ">=1.0.0"
typing-extensions = ">=4.1.0"

[package.extras]
dmypy = ["psutil (>=4.0)"]
install-types = ["pip"]
reports = ["lxml"]

[[package]]
name = "mypy-extensions"
version = "1.0.0"
description = "Type system extensions for programs checked with the mypy type checker."
optional = false
python-versions = ">=3.5"
files = [
    {file = "mypy_extensions-1.0.0-py3-none-any.whl", hash = "sha256:4392f6c0eb8a5668a69e23d168ffa70f0be9ccfd32b5cc2d26a34ae5b844552d"},
    {file = "mypy_extensions-1.0.0.tar.gz", hash = "sha256:75dbf8955dc00442a438fc4d0666508a9a97b6bd41aa2f0ffe9d2f2725af0782"},
]

[[package]]
name = "typing-extensions"
version = "4.9.0"
description = "Backported and Experimental Type Hints for Python 3.8+"
optional = false
python-versions = ">=3.8"
files = [
    {file = "typing_extensions-4.9.0-py3-none-any.whl", hash = "sha256:af72aea155e91adfc61c3ae9e0e342dbc0cba726d6cba4b6c72c1f34e47291cd"},
    {file = "typing_extensions-4.9.0.tar.gz", hash = "sha256:23478f88c37f27d76ac8aee6c905017a143b0b1b886c3c9f66bc2fd94f9f5783"},
]

[metadata]
lock-version = "2.0"
python-versions = "^3.11"
content-hash = "9c73b936c6dd75fc9d2a4623ccdbd14b6de949b505997cc85d71511dbc53a0b2"
